{
  "name": "henmao-game-template-esbuild",
  "version": "1.0.0",
  "lockfileVersion": 1,
  "requires": true,
  "dependencies": {
    "@phaserjs/phaser": {
      "version": "0.1.18",
      "resolved": "https://registry.npmjs.org/@phaserjs/phaser/-/phaser-0.1.18.tgz",
      "integrity": "sha512-Tpytyl5emxh+p+/mh9ROKQmrDmDxk+sAgTujcjAPnNUkYyEf8z0T5iVpYb5F7kyxL1NQi51SWsLARM3Z1LQI0Q=="
    },
    "esbuild": {
      "version": "0.11.20",
      "resolved": "https://registry.npmjs.org/esbuild/-/esbuild-0.11.20.tgz",
      "integrity": "sha512-QOZrVpN/Yz74xfat0H6euSgn3RnwLevY1mJTEXneukz1ln9qB+ieaerRMzSeETpz/UJWsBMzRVR/andBht5WKw==",
      "dev": true
    }
  }
}
